version = 1
revision = 3
requires-python = ">=3.11"

[[package]]
name = "agg-player"
version = "0.1.0"
source = { virtual = "." }
dependencies = [
    { name = "grpcio" },
    { name = "grpcio-health-checking" },
    { name = "protobuf" },
    { name = "structlog" },
]

[package.metadata]
requires-dist = [
    { name = "grpcio", specifier = ">=1.60.0" },
    { name = "grpcio-health-checking", specifier = ">=1.60.0" },
    { name = "protobuf", specifier = ">=5.0.0" },
    { name = "structlog", specifier = ">=24.0.0" },
]

[[package]]
name = "grpcio"
version = "1.78.0"
source = { registry = "https://pypi.org/simple" }
dependencies = [
    { name = "typing-extensions" },
]
sdist = { url = "https://files.pythonhosted.org/packages/06/8a/3d098f35c143a89520e568e6539cc098fcd294495910e359889ce8741c84/grpcio-1.78.0.tar.gz", hash = "sha256:7382b95189546f375c174f53a5fa873cef91c4b8005faa05cc5b3beea9c4f1c5", size = 12852416, upload-time = "2026-02-06T09:57:18.093Z" }
wheels = [
    { url = "https://files.pythonhosted.org/packages/86/c7/d0b780a29b0837bf4ca9580904dfb275c1fc321ded7897d620af7047ec57/grpcio-1.78.0-cp311-cp311-linux_armv7l.whl", hash = "sha256:2777b783f6c13b92bd7b716667452c329eefd646bfb3f2e9dabea2e05dbd34f6", size = 5951525, upload-time = "2026-02-06T09:55:01.989Z" },
    { url = "https://files.pythonhosted.org/packages/c5/b1/96920bf2ee61df85a9503cb6f733fe711c0ff321a5a697d791b075673281/grpcio-1.78.0-cp311-cp311-macosx_11_0_universal2.whl", hash = "sha256:9dca934f24c732750389ce49d638069c3892ad065df86cb465b3fa3012b70c9e", size = 11830418, upload-time = "2026-02-06T09:55:04.462Z" },
    { url = "https://files.pythonhosted.org/packages/83/0c/7c1528f098aeb75a97de2bae18c530f56959fb7ad6c882db45d9884d6edc/grpcio-1.78.0-cp311-cp311-manylinux2014_aarch64.manylinux_2_17_aarch64.whl", hash = "sha256:459ab414b35f4496138d0ecd735fed26f1318af5e52cb1efbc82a09f0d5aa911", size = 6524477, upload-time = "2026-02-06T09:55:07.111Z" },
    { url = "https://files.pythonhosted.org/packages/8d/52/e7c1f3688f949058e19a011c4e0dec973da3d0ae5e033909677f967ae1f4/grpcio-1.78.0-cp311-cp311-manylinux2014_i686.manylinux_2_17_i686.whl", hash = "sha256:082653eecbdf290e6e3e2c276ab2c54b9e7c299e07f4221872380312d8cf395e", size = 7198266, upload-time = "2026-02-06T09:55:10.016Z" },
    { url = "https://files.pythonhosted.org/packages/e5/61/8ac32517c1e856677282c34f2e7812d6c328fa02b8f4067ab80e77fdc9c9/grpcio-1.78.0-cp311-cp311-manylinux2014_x86_64.manylinux_2_17_x86_64.whl", hash = "sha256:85f93781028ec63f383f6bc90db785a016319c561cc11151fbb7b34e0d012303", size = 6730552, upload-time = "2026-02-06T09:55:12.207Z" },
    { url = "https://files.pythonhosted.org/packages/bd/98/b8ee0158199250220734f620b12e4a345955ac7329cfd908d0bf0fda77f0/grpcio-1.78.0-cp311-cp311-musllinux_1_2_aarch64.whl", hash = "sha256:f12857d24d98441af6a1d5c87442d624411db486f7ba12550b07788f74b67b04", size = 7304296, upload-time = "2026-02-06T09:55:15.044Z" },
    { url = "https://files.pythonhosted.org/packages/bd/0f/7b72762e0d8840b58032a56fdbd02b78fc645b9fa993d71abf04edbc54f4/grpcio-1.78.0-cp311-cp311-musllinux_1_2_i686.whl", hash = "sha256:5397fff416b79e4b284959642a4e95ac4b0f1ece82c9993658e0e477d40551ec", size = 8288298, upload-time = "2026-02-06T09:55:17.276Z" },
    { url = "https://files.pythonhosted.org/packages/24/ae/ae4ce56bc5bb5caa3a486d60f5f6083ac3469228faa734362487176c15c5/grpcio-1.78.0-cp311-cp311-musllinux_1_2_x86_64.whl", hash = "sha256:fbe6e89c7ffb48518384068321621b2a69cab509f58e40e4399fdd378fa6d074", size = 7730953, upload-time = "2026-02-06T09:55:19.545Z" },
    { url = "https://files.pythonhosted.org/packages/b5/6e/8052e3a28eb6a820c372b2eb4b5e32d195c661e137d3eca94d534a4cfd8a/grpcio-1.78.0-cp311-cp311-win32.whl", hash = "sha256:6092beabe1966a3229f599d7088b38dfc8ffa1608b5b5cdda31e591e6500f856", size = 4076503, upload-time = "2026-02-06T09:55:21.521Z" },
    { url = "https://files.pythonhosted.org/packages/08/62/f22c98c5265dfad327251fa2f840b591b1df5f5e15d88b19c18c86965b27/grpcio-1.78.0-cp311-cp311-win_amd64.whl", hash = "sha256:1afa62af6e23f88629f2b29ec9e52ec7c65a7176c1e0a83292b93c76ca882558", size = 4799767, upload-time = "2026-02-06T09:55:24.107Z" },
    { url = "https://files.pythonhosted.org/packages/4e/f4/7384ed0178203d6074446b3c4f46c90a22ddf7ae0b3aee521627f54cfc2a/grpcio-1.78.0-cp312-cp312-linux_armv7l.whl", hash = "sha256:f9ab915a267fc47c7e88c387a3a28325b58c898e23d4995f765728f4e3dedb97", size = 5913985, upload-time = "2026-02-06T09:55:26.832Z" },
    { url = "https://files.pythonhosted.org/packages/81/ed/be1caa25f06594463f685b3790b320f18aea49b33166f4141bfdc2bfb236/grpcio-1.78.0-cp312-cp312-macosx_11_0_universal2.whl", hash = "sha256:3f8904a8165ab21e07e58bf3e30a73f4dffc7a1e0dbc32d51c61b5360d26f43e", size = 11811853, upload-time = "2026-02-06T09:55:29.224Z" },
    { url = "https://files.pythonhosted.org/packages/24/a7/f06d151afc4e64b7e3cc3e872d331d011c279aaab02831e40a81c691fb65/grpcio-1.78.0-cp312-cp312-manylinux2014_aarch64.manylinux_2_17_aarch64.whl", hash = "sha256:859b13906ce098c0b493af92142ad051bf64c7870fa58a123911c88606714996", size = 6475766, upload-time = "2026-02-06T09:55:31.825Z" },
    { url = "https://files.pythonhosted.org/packages/8a/a8/4482922da832ec0082d0f2cc3a10976d84a7424707f25780b82814aafc0a/grpcio-1.78.0-cp312-cp312-manylinux2014_i686.manylinux_2_17_i686.whl", hash = "sha256:b2342d87af32790f934a79c3112641e7b27d63c261b8b4395350dad43eff1dc7", size = 7170027, upload-time = "2026-02-06T09:55:34.7Z" },
    { url = "https://files.pythonhosted.org/packages/54/bf/f4a3b9693e35d25b24b0b39fa46d7d8a3c439e0a3036c3451764678fec20/grpcio-1.78.0-cp312-cp312-manylinux2014_x86_64.manylinux_2_17_x86_64.whl", hash = "sha256:12a771591ae40bc65ba67048fa52ef4f0e6db8279e595fd349f9dfddeef571f9", size = 6690766, upload-time = "2026-02-06T09:55:36.902Z" },
    { url = "https://files.pythonhosted.org/packages/c7/b9/521875265cc99fe5ad4c5a17010018085cae2810a928bf15ebe7d8bcd9cc/grpcio-1.78.0-cp312-cp312-musllinux_1_2_aarch64.whl", hash = "sha256:185dea0d5260cbb2d224c507bf2a5444d5abbb1fa3594c1ed7e4c709d5eb8383", size = 7266161, upload-time = "2026-02-06T09:55:39.824Z" },
    { url = "https://files.pythonhosted.org/packages/05/86/296a82844fd40a4ad4a95f100b55044b4f817dece732bf686aea1a284147/grpcio-1.78.0-cp312-cp312-musllinux_1_2_i686.whl", hash = "sha256:51b13f9aed9d59ee389ad666b8c2214cc87b5de258fa712f9ab05f922e3896c6", size = 8253303, upload-time = "2026-02-06T09:55:42.353Z" },
    { url = "https://files.pythonhosted.org/packages/f3/e4/ea3c0caf5468537f27ad5aab92b681ed7cc0ef5f8c9196d3fd42c8c2286b/grpcio-1.78.0-cp312-cp312-musllinux_1_2_x86_64.whl", hash = "sha256:fd5f135b1bd58ab088930b3c613455796dfa0393626a6972663ccdda5b4ac6ce", size = 7698222, upload-time = "2026-02-06T09:55:44.629Z" },
    { url = "https://files.pythonhosted.org/packages/d7/47/7f05f81e4bb6b831e93271fb12fd52ba7b319b5402cbc101d588f435df00/grpcio-1.78.0-cp312-cp312-win32.whl", hash = "sha256:94309f498bcc07e5a7d16089ab984d42ad96af1d94b5a4eb966a266d9fcabf68", size = 4066123, upload-time = "2026-02-06T09:55:47.644Z" },
    { url = "https://files.pythonhosted.org/packages/ad/e7/d6914822c88aa2974dbbd10903d801a28a19ce9cd8bad7e694cbbcf61528/grpcio-1.78.0-cp312-cp312-win_amd64.whl", hash = "sha256:9566fe4ababbb2610c39190791e5b829869351d14369603702e890ef3ad2d06e", size = 4797657, upload-time = "2026-02-06T09:55:49.86Z" },
    { url = "https://files.pythonhosted.org/packages/05/a9/8f75894993895f361ed8636cd9237f4ab39ef87fd30db17467235ed1c045/grpcio-1.78.0-cp313-cp313-linux_armv7l.whl", hash = "sha256:ce3a90455492bf8bfa38e56fbbe1dbd4f872a3d8eeaf7337dc3b1c8aa28c271b", size = 5920143, upload-time = "2026-02-06T09:55:52.035Z" },
    { url = "https://files.pythonhosted.org/packages/55/06/0b78408e938ac424100100fd081189451b472236e8a3a1f6500390dc4954/grpcio-1.78.0-cp313-cp313-macosx_11_0_universal2.whl", hash = "sha256:2bf5e2e163b356978b23652c4818ce4759d40f4712ee9ec5a83c4be6f8c23a3a", size = 11803926, upload-time = "2026-02-06T09:55:55.494Z" },
    { url = "https://files.pythonhosted.org/packages/88/93/b59fe7832ff6ae3c78b813ea43dac60e295fa03606d14d89d2e0ec29f4f3/grpcio-1.78.0-cp313-cp313-manylinux2014_aarch64.manylinux_2_17_aarch64.whl", hash = "sha256:8f2ac84905d12918e4e55a16da17939eb63e433dc11b677267c35568aa63fc84", size = 6478628, upload-time = "2026-02-06T09:55:58.533Z" },
    { url = "https://files.pythonhosted.org/packages/ed/df/e67e3734527f9926b7d9c0dde6cd998d1d26850c3ed8eeec81297967ac67/grpcio-1.78.0-cp313-cp313-manylinux2014_i686.manylinux_2_17_i686.whl", hash = "sha256:b58f37edab4a3881bc6c9bca52670610e0c9ca14e2ea3cf9debf185b870457fb", size = 7173574, upload-time = "2026-02-06T09:56:01.786Z" },
    { url = "https://files.pythonhosted.org/packages/a6/62/cc03fffb07bfba982a9ec097b164e8835546980aec25ecfa5f9c1a47e022/grpcio-1.78.0-cp313-cp313-manylinux2014_x86_64.manylinux_2_17_x86_64.whl", hash = "sha256:735e38e176a88ce41840c21bb49098ab66177c64c82426e24e0082500cc68af5", size = 6692639, upload-time = "2026-02-06T09:56:04.529Z" },
    { url = "https://files.pythonhosted.org/packages/bf/9a/289c32e301b85bdb67d7ec68b752155e674ee3ba2173a1858f118e399ef3/grpcio-1.78.0-cp313-cp313-musllinux_1_2_aarch64.whl", hash = "sha256:2045397e63a7a0ee7957c25f7dbb36ddc110e0cfb418403d110c0a7a68a844e9", size = 7268838, upload-time = "2026-02-06T09:56:08.397Z" },
    { url = "https://files.pythonhosted.org/packages/0e/79/1be93f32add280461fa4773880196572563e9c8510861ac2da0ea0f892b6/grpcio-1.78.0-cp313-cp313-musllinux_1_2_i686.whl", hash = "sha256:a9f136fbafe7ccf4ac7e8e0c28b31066e810be52d6e344ef954a3a70234e1702", size = 8251878, upload-time = "2026-02-06T09:56:10.914Z" },
    { url = "https://files.pythonhosted.org/packages/65/65/793f8e95296ab92e4164593674ae6291b204bb5f67f9d4a711489cd30ffa/grpcio-1.78.0-cp313-cp313-musllinux_1_2_x86_64.whl", hash = "sha256:748b6138585379c737adc08aeffd21222abbda1a86a0dca2a39682feb9196c20", size = 7695412, upload-time = "2026-02-06T09:56:13.593Z" },
    { url = "https://files.pythonhosted.org/packages/1c/9f/1e233fe697ecc82845942c2822ed06bb522e70d6771c28d5528e4c50f6a4/grpcio-1.78.0-cp313-cp313-win32.whl", hash = "sha256:271c73e6e5676afe4fc52907686670c7cea22ab2310b76a59b678403ed40d670", size = 4064899, upload-time = "2026-02-06T09:56:15.601Z" },
    { url = "https://files.pythonhosted.org/packages/4d/27/d86b89e36de8a951501fb06a0f38df19853210f341d0b28f83f4aa0ffa08/grpcio-1.78.0-cp313-cp313-win_amd64.whl", hash = "sha256:f2d4e43ee362adfc05994ed479334d5a451ab7bc3f3fee1b796b8ca66895acb4", size = 4797393, upload-time = "2026-02-06T09:56:17.882Z" },
    { url = "https://files.pythonhosted.org/packages/29/f2/b56e43e3c968bfe822fa6ce5bca10d5c723aa40875b48791ce1029bb78c7/grpcio-1.78.0-cp314-cp314-linux_armv7l.whl", hash = "sha256:e87cbc002b6f440482b3519e36e1313eb5443e9e9e73d6a52d43bd2004fcfd8e", size = 5920591, upload-time = "2026-02-06T09:56:20.758Z" },
    { url = "https://files.pythonhosted.org/packages/5d/81/1f3b65bd30c334167bfa8b0d23300a44e2725ce39bba5b76a2460d85f745/grpcio-1.78.0-cp314-cp314-macosx_11_0_universal2.whl", hash = "sha256:c41bc64626db62e72afec66b0c8a0da76491510015417c127bfc53b2fe6d7f7f", size = 11813685, upload-time = "2026-02-06T09:56:24.315Z" },
    { url = "https://files.pythonhosted.org/packages/0e/1c/bbe2f8216a5bd3036119c544d63c2e592bdf4a8ec6e4a1867592f4586b26/grpcio-1.78.0-cp314-cp314-manylinux2014_aarch64.manylinux_2_17_aarch64.whl", hash = "sha256:8dfffba826efcf366b1e3ccc37e67afe676f290e13a3b48d31a46739f80a8724", size = 6487803, upload-time = "2026-02-06T09:56:27.367Z" },
    { url = "https://files.pythonhosted.org/packages/16/5c/a6b2419723ea7ddce6308259a55e8e7593d88464ce8db9f4aa857aba96fa/grpcio-1.78.0-cp314-cp314-manylinux2014_i686.manylinux_2_17_i686.whl", hash = "sha256:74be1268d1439eaaf552c698cdb11cd594f0c49295ae6bb72c34ee31abbe611b", size = 7173206, upload-time = "2026-02-06T09:56:29.876Z" },
    { url = "https://files.pythonhosted.org/packages/df/1e/b8801345629a415ea7e26c83d75eb5dbe91b07ffe5210cc517348a8d4218/grpcio-1.78.0-cp314-cp314-manylinux2014_x86_64.manylinux_2_17_x86_64.whl", hash = "sha256:be63c88b32e6c0f1429f1398ca5c09bc64b0d80950c8bb7807d7d7fb36fb84c7", size = 6693826, upload-time = "2026-02-06T09:56:32.305Z" },
    { url = "https://files.pythonhosted.org/packages/34/84/0de28eac0377742679a510784f049738a80424b17287739fc47d63c2439e/grpcio-1.78.0-cp314-cp314-musllinux_1_2_aarch64.whl", hash = "sha256:3c586ac70e855c721bda8f548d38c3ca66ac791dc49b66a8281a1f99db85e452", size = 7277897, upload-time = "2026-02-06T09:56:34.915Z" },
    { url = "https://files.pythonhosted.org/packages/ca/9c/ad8685cfe20559a9edb66f735afdcb2b7d3de69b13666fdfc542e1916ebd/grpcio-1.78.0-cp314-cp314-musllinux_1_2_i686.whl", hash = "sha256:35eb275bf1751d2ffbd8f57cdbc46058e857cf3971041521b78b7db94bdaf127", size = 8252404, upload-time = "2026-02-06T09:56:37.553Z" },
    { url = "https://files.pythonhosted.org/packages/3c/05/33a7a4985586f27e1de4803887c417ec7ced145ebd069bc38a9607059e2b/grpcio-1.78.0-cp314-cp314-musllinux_1_2_x86_64.whl", hash = "sha256:207db540302c884b8848036b80db352a832b99dfdf41db1eb554c2c2c7800f65", size = 7696837, upload-time = "2026-02-06T09:56:40.173Z" },
    { url = "https://files.pythonhosted.org/packages/73/77/7382241caf88729b106e49e7d18e3116216c778e6a7e833826eb96de22f7/grpcio-1.78.0-cp314-cp314-win32.whl", hash = "sha256:57bab6deef2f4f1ca76cc04565df38dc5713ae6c17de690721bdf30cb1e0545c", size = 4142439, upload-time = "2026-02-06T09:56:43.258Z" },
    { url = "https://files.pythonhosted.org/packages/48/b2/b096ccce418882fbfda4f7496f9357aaa9a5af1896a9a7f60d9f2b275a06/grpcio-1.78.0-cp314-cp314-win_amd64.whl", hash = "sha256:dce09d6116df20a96acfdbf85e4866258c3758180e8c49845d6ba8248b6d0bbb", size = 4929852, upload-time = "2026-02-06T09:56:45.885Z" },
]

[[package]]
name = "grpcio-health-checking"
version = "1.78.0"
source = { registry = "https://pypi.org/simple" }
dependencies = [
    { name = "grpcio" },
    { name = "protobuf" },
]
sdist = { url = "https://files.pythonhosted.org/packages/8e/ac/8eb871f4e47b11abfe45497e6187a582ec680ccd7232706d228474a8c7a5/grpcio_health_checking-1.78.0.tar.gz", hash = "sha256:78526d5c60b9b99fd18954b89f86d70033c702e96ad6ccc9749baf16136979b3", size = 17008, upload-time = "2026-02-06T10:01:47.269Z" }
wheels = [
    { url = "https://files.pythonhosted.org/packages/8e/30/dbaf47e2210697e2923b49eb62a6a2c07d5ee55bb40cff1e6cc0c5bb22e1/grpcio_health_checking-1.78.0-py3-none-any.whl", hash = "sha256:309798c098c5de72a9bff7172d788fdf309d246d231db9955b32e7c1c773fbeb", size = 19010, upload-time = "2026-02-06T10:01:37.949Z" },
]

[[package]]
name = "protobuf"
version = "6.33.5"
source = { registry = "https://pypi.org/simple" }
sdist = { url = "https://files.pythonhosted.org/packages/ba/25/7c72c307aafc96fa87062aa6291d9f7c94836e43214d43722e86037aac02/protobuf-6.33.5.tar.gz", hash = "sha256:6ddcac2a081f8b7b9642c09406bc6a4290128fce5f471cddd165960bb9119e5c", size = 444465, upload-time = "2026-01-29T21:51:33.494Z" }
wheels = [
    { url = "https://files.pythonhosted.org/packages/b1/79/af92d0a8369732b027e6d6084251dd8e782c685c72da161bd4a2e00fbabb/protobuf-6.33.5-cp310-abi3-win32.whl", hash = "sha256:d71b040839446bac0f4d162e758bea99c8251161dae9d0983a3b88dee345153b", size = 425769, upload-time = "2026-01-29T21:51:21.751Z" },
    { url = "https://files.pythonhosted.org/packages/55/75/bb9bc917d10e9ee13dee8607eb9ab963b7cf8be607c46e7862c748aa2af7/protobuf-6.33.5-cp310-abi3-win_amd64.whl", hash = "sha256:3093804752167bcab3998bec9f1048baae6e29505adaf1afd14a37bddede533c", size = 437118, upload-time = "2026-01-29T21:51:24.022Z" },
    { url = "https://files.pythonhosted.org/packages/a2/6b/e48dfc1191bc5b52950246275bf4089773e91cb5ba3592621723cdddca62/protobuf-6.33.5-cp39-abi3-macosx_10_9_universal2.whl", hash = "sha256:a5cb85982d95d906df1e2210e58f8e4f1e3cdc088e52c921a041f9c9a0386de5", size = 427766, upload-time = "2026-01-29T21:51:25.413Z" },
    { url = "https://files.pythonhosted.org/packages/4e/b1/c79468184310de09d75095ed1314b839eb2f72df71097db9d1404a1b2717/protobuf-6.33.5-cp39-abi3-manylinux2014_aarch64.whl", hash = "sha256:9b71e0281f36f179d00cbcb119cb19dec4d14a81393e5ea220f64b286173e190", size = 324638, upload-time = "2026-01-29T21:51:26.423Z" },
    { url = "https://files.pythonhosted.org/packages/c5/f5/65d838092fd01c44d16037953fd4c2cc851e783de9b8f02b27ec4ffd906f/protobuf-6.33.5-cp39-abi3-manylinux2014_s390x.whl", hash = "sha256:8afa18e1d6d20af15b417e728e9f60f3aa108ee76f23c3b2c07a2c3b546d3afd", size = 339411, upload-time = "2026-01-29T21:51:27.446Z" },
    { url = "https://files.pythonhosted.org/packages/9b/53/a9443aa3ca9ba8724fdfa02dd1887c1bcd8e89556b715cfbacca6b63dbec/protobuf-6.33.5-cp39-abi3-manylinux2014_x86_64.whl", hash = "sha256:cbf16ba3350fb7b889fca858fb215967792dc125b35c7976ca4818bee3521cf0", size = 323465, upload-time = "2026-01-29T21:51:28.925Z" },
    { url = "https://files.pythonhosted.org/packages/57/bf/2086963c69bdac3d7cff1cc7ff79b8ce5ea0bec6797a017e1be338a46248/protobuf-6.33.5-py3-none-any.whl", hash = "sha256:69915a973dd0f60f31a08b8318b73eab2bd6a392c79184b3612226b0a3f8ec02", size = 170687, upload-time = "2026-01-29T21:51:32.557Z" },
]

[[package]]
name = "structlog"
version = "25.5.0"
source = { registry = "https://pypi.org/simple" }
sdist = { url = "https://files.pythonhosted.org/packages/ef/52/9ba0f43b686e7f3ddfeaa78ac3af750292662284b3661e91ad5494f21dbc/structlog-25.5.0.tar.gz", hash = "sha256:098522a3bebed9153d4570c6d0288abf80a031dfdb2048d59a49e9dc2190fc98", size = 1460830, upload-time = "2025-10-27T08:28:23.028Z" }
wheels = [
    { url = "https://files.pythonhosted.org/packages/a8/45/a132b9074aa18e799b891b91ad72133c98d8042c70f6240e4c5f9dabee2f/structlog-25.5.0-py3-none-any.whl", hash = "sha256:a8453e9b9e636ec59bd9e79bbd4a72f025981b3ba0f5837aebf48f02f37a7f9f", size = 72510, upload-time = "2025-10-27T08:28:21.535Z" },
]

[[package]]
name = "typing-extensions"
version = "4.15.0"
source = { registry = "https://pypi.org/simple" }
sdist = { url = "https://files.pythonhosted.org/packages/72/94/1a15dd82efb362ac84269196e94cf00f187f7ed21c242792a923cdb1c61f/typing_extensions-4.15.0.tar.gz", hash = "sha256:0cea48d173cc12fa28ecabc3b837ea3cf6f38c6d1136f85cbaaf598984861466", size = 109391, upload-time = "2025-08-25T13:49:26.313Z" }
wheels = [
    { url = "https://files.pythonhosted.org/packages/18/67/36e9267722cc04a6b9f15c7f3441c2363321a3ea07da7ae0c0707beb2a9c/typing_extensions-4.15.0-py3-none-any.whl", hash = "sha256:f0fa19c6845758ab08074a0cfa8b7aecb71c999ca73d62883bc25cc018c4e548", size = 44614, upload-time = "2025-08-25T13:49:24.86Z" },
]
