{
  "version": 4,
  "terraform_version": "1.14.3",
  "serial": 12,
  "lineage": "f2e0ffcb-a8ab-c99d-81ed-b53972ed4dfe",
  "outputs": {
    "database_host": {
      "value": "angzarr-db-postgresql.angzarr.svc.cluster.local",
      "type": "string"
    },
    "database_secret": {
      "value": "angzarr-db-credentials",
      "type": "string"
    },
    "mesh_enabled": {
      "value": false,
      "type": "bool"
    },
    "messaging_host": {
      "value": "angzarr-mq.angzarr.svc.cluster.local",
      "type": "string"
    },
    "messaging_secret": {
      "value": "angzarr-mq-credentials",
      "type": "string"
    },
    "namespace": {
      "value": "angzarr",
      "type": "string"
    },
    "secrets_source": {
      "value": "kubernetes_secret/angzarr-secrets/angzarr-secrets",
      "type": "string"
    }
  },
  "resources": [
    {
      "mode": "data",
      "type": "kubernetes_secret",
      "name": "angzarr_secrets",
      "provider": "provider[\"registry.terraform.io/hashicorp/kubernetes\"]",
      "instances": [
        {
          "schema_version": 0,
          "attributes": {
            "binary_data": null,
            "data": {
              "kafka-password": "uD7UYzJoG9Q7z1O4wAQjVrMiRdo6SM1V",
              "mongodb-password": "D8NTs0mMgkLFLqTVeMuC50tlKVGPbQqH",
              "mongodb-root-password": "nVbxBrAJsQznkzv9Zj5sXUJ74Wj9bBIx",
              "postgres-admin-password": "1BhD1fBwm4aKkw0pJvCOW06fSwyJBBnP",
              "postgres-password": "a9TadVdKuW73KymzfV8NrQurjsmTr997",
              "rabbitmq-erlang-cookie": "LqutvqYhhDIEiABrEOnOJJcUqwKiZvxcDPHRPmzz4M4=",
              "rabbitmq-password": "aeHe2qPQTOiCw6P2Mpt6NVUDsleEAuyy"
            },
            "id": "angzarr-secrets/angzarr-secrets",
            "immutable": false,
            "metadata": [
              {
                "annotations": {
                  "kubectl.kubernetes.io/last-applied-configuration": "{\"apiVersion\":\"v1\",\"data\":{\"kafka-password\":\"dUQ3VVl6Sm9HOVE3ejFPNHdBUWpWck1pUmRvNlNNMVY=\",\"mongodb-password\":\"RDhOVHMwbU1na0xGTHFUVmVNdUM1MHRsS1ZHUGJRcUg=\",\"mongodb-root-password\":\"blZieEJyQUpzUXpua3p2OVpqNXNYVUo3NFdqOWJCSXg=\",\"postgres-admin-password\":\"MUJoRDFmQndtNGFLa3cwcEp2Q09XMDZmU3d5SkJCblA=\",\"postgres-password\":\"YTlUYWRWZEt1VzczS3ltemZWOE5yUXVyanNtVHI5OTc=\",\"rabbitmq-erlang-cookie\":\"THF1dHZxWWhoRElFaUFCckVPbk9KSmNVcXdLaVp2eGNEUEhSUG16ejRNND0=\",\"rabbitmq-password\":\"YWVIZTJxUFFUT2lDdzZQMk1wdDZOVlVEc2xlRUF1eXk=\"},\"kind\":\"Secret\",\"metadata\":{\"annotations\":{},\"creationTimestamp\":null,\"name\":\"angzarr-secrets\",\"namespace\":\"angzarr-secrets\"}}\n"
                },
                "generate_name": "",
                "generation": 0,
                "labels": {},
                "name": "angzarr-secrets",
                "namespace": "angzarr-secrets",
                "resource_version": "97023",
                "uid": "13b3457d-c354-4c55-bb0b-45771b0a5405"
              }
            ],
            "type": "Opaque"
          },
          "sensitive_attributes": [
            [
              {
                "type": "get_attr",
                "value": "binary_data"
              }
            ],
            [
              {
                "type": "get_attr",
                "value": "data"
              }
            ]
          ],
          "identity_schema_version": 0
        }
      ]
    },
    {
      "mode": "managed",
      "type": "kubernetes_namespace",
      "name": "angzarr",
      "provider": "provider[\"registry.terraform.io/hashicorp/kubernetes\"]",
      "instances": [
        {
          "schema_version": 0,
          "attributes": {
            "id": "angzarr",
            "metadata": [
              {
                "annotations": {},
                "generate_name": "",
                "generation": 0,
                "labels": {},
                "name": "angzarr",
                "resource_version": "97075",
                "uid": "bf93009e-2a0f-49aa-b3aa-04e645c879b5"
              }
            ],
            "timeouts": null,
            "wait_for_default_service_account": false
          },
          "sensitive_attributes": [],
          "identity_schema_version": 1,
          "identity": {
            "api_version": "v1",
            "kind": "Namespace",
            "name": "angzarr"
          },
          "private": "eyJlMmJmYjczMC1lY2FhLTExZTYtOGY4OC0zNDM2M2JjN2M0YzAiOnsiZGVsZXRlIjozMDAwMDAwMDAwMDB9fQ=="
        }
      ]
    },
    {
      "module": "module.database",
      "mode": "managed",
      "type": "helm_release",
      "name": "mongodb",
      "provider": "provider[\"registry.terraform.io/hashicorp/helm\"]",
      "instances": []
    },
    {
      "module": "module.messaging",
      "mode": "managed",
      "type": "helm_release",
      "name": "kafka",
      "provider": "provider[\"registry.terraform.io/hashicorp/helm\"]",
      "instances": []
    },
    {
      "module": "module.messaging",
      "mode": "managed",
      "type": "kubernetes_secret",
      "name": "messaging_credentials",
      "provider": "provider[\"registry.terraform.io/hashicorp/kubernetes\"]",
      "instances": [
        {
          "schema_version": 0,
          "attributes": {
            "binary_data": null,
            "binary_data_wo": null,
            "binary_data_wo_revision": null,
            "data": {
              "host": "angzarr-mq.angzarr.svc.cluster.local",
              "password": "aeHe2qPQTOiCw6P2Mpt6NVUDsleEAuyy",
              "port": "5672",
              "uri": "amqp://angzarr:aeHe2qPQTOiCw6P2Mpt6NVUDsleEAuyy@angzarr-mq.angzarr.svc.cluster.local:5672",
              "username": "angzarr"
            },
            "data_wo": null,
            "data_wo_revision": null,
            "id": "angzarr/angzarr-mq-credentials",
            "immutable": false,
            "metadata": [
              {
                "annotations": null,
                "generate_name": "",
                "generation": 0,
                "labels": null,
                "name": "angzarr-mq-credentials",
                "namespace": "angzarr",
                "resource_version": "97076",
                "uid": "6221a256-732d-4f4d-9e4d-8e5067a3c029"
              }
            ],
            "timeouts": null,
            "type": "Opaque",
            "wait_for_service_account_token": true
          },
          "sensitive_attributes": [
            [
              {
                "type": "get_attr",
                "value": "binary_data"
              }
            ],
            [
              {
                "type": "get_attr",
                "value": "data"
              }
            ],
            [
              {
                "type": "get_attr",
                "value": "data"
              },
              {
                "type": "index",
                "value": {
                  "value": "password",
                  "type": "string"
                }
              }
            ],
            [
              {
                "type": "get_attr",
                "value": "data"
              },
              {
                "type": "index",
                "value": {
                  "value": "uri",
                  "type": "string"
                }
              }
            ]
          ],
          "identity_schema_version": 1,
          "identity": {
            "api_version": "v1",
            "kind": "Secret",
            "name": "angzarr-mq-credentials",
            "namespace": "angzarr"
          },
          "private": "eyJlMmJmYjczMC1lY2FhLTExZTYtOGY4OC0zNDM2M2JjN2M0YzAiOnsiY3JlYXRlIjo2MDAwMDAwMDAwMH19",
          "dependencies": [
            "data.kubernetes_secret.angzarr_secrets",
            "kubernetes_namespace.angzarr"
          ]
        }
      ]
    }
  ],
  "check_results": [
    {
      "object_kind": "var",
      "config_addr": "module.database.var.type",
      "status": "pass",
      "objects": [
        {
          "object_addr": "module.database.var.type",
          "status": "pass"
        }
      ]
    },
    {
      "object_kind": "var",
      "config_addr": "module.mesh.var.type",
      "status": "pass",
      "objects": null
    },
    {
      "object_kind": "var",
      "config_addr": "module.messaging.var.type",
      "status": "pass",
      "objects": [
        {
          "object_addr": "module.messaging.var.type",
          "status": "pass"
        }
      ]
    }
  ]
}
