dependencies:
- name: tempo
  repository: https://grafana.github.io/helm-charts
  version: 1.24.4
- name: prometheus
  repository: https://prometheus-community.github.io/helm-charts
  version: 28.9.1
- name: loki
  repository: https://grafana.github.io/helm-charts
  version: 6.53.0
- name: promtail
  repository: https://grafana.github.io/helm-charts
  version: 6.16.6
- name: opentelemetry-collector
  repository: https://open-telemetry.github.io/opentelemetry-helm-charts
  version: 0.145.0
- name: grafana
  repository: https://grafana.github.io/helm-charts
  version: 10.5.15
digest: sha256:21ab93ffe377e82d4c55fdc75edef3ebbf7771fae12f478b70592a4318415518
generated: "2026-02-24T17:15:57.107659512-06:00"
