dependencies:
- name: mongodb
  repository: https://charts.bitnami.com/bitnami
  version: 16.0.3
- name: postgresql
  repository: https://charts.bitnami.com/bitnami
  version: 16.0.6
- name: rabbitmq
  repository: https://charts.bitnami.com/bitnami
  version: 15.0.7
- name: kafka
  repository: https://charts.bitnami.com/bitnami
  version: 31.0.0
digest: sha256:4359358b5f69606f7d9180f2655e2d7e0579e33a18f1dbc5d49e9b578c561dda
generated: "2026-02-03T09:01:35.74182391-06:00"
